
Microsoft Visual Studio Solution File, Format Version 12.00
# Visual Studio 15
VisualStudioVersion = 15.0.27428.2037
MinimumVisualStudioVersion = 10.0.40219.1
Project("{FAE04EC0-301F-11D3-BF4B-00C04F79EFBC}") = "RouletteSimulator", "RouletteSimulator\RouletteSimulator.csproj", "{BA2C1305-AF66-41E1-BB19-E391981F646A}"
EndProject
Project("{FAE04EC0-301F-11D3-BF4B-00C04F79EFBC}") = "Board", "Board\Board.csproj", "{4676ECFE-E3A6-45C3-AFB6-ACDF0E131970}"
EndProject
Project("{FAE04EC0-301F-11D3-BF4B-00C04F79EFBC}") = "Dealer", "Dealer\Dealer.csproj", "{9635BFC4-4D3A-486E-8D6D-87803DFC46D0}"
EndProject
Project("{FAE04EC0-301F-11D3-BF4B-00C04F79EFBC}") = "Bank", "Bank\Bank.csproj", "{C320CF94-D6B1-4431-B17B-B07F7CFBA81E}"
EndProject
Project("{FAE04EC0-301F-11D3-BF4B-00C04F79EFBC}") = "Player", "Player\Player.csproj", "{41AD8CCB-B19B-402F-9BBD-0C32A6A1D7D8}"
EndProject
Project("{FAE04EC0-301F-11D3-BF4B-00C04F79EFBC}") = "Wheel", "Wheel\Wheel.csproj", "{E94B74A8-D788-429E-9417-F5A906136D24}"
EndProject
Project("{FAE04EC0-301F-11D3-BF4B-00C04F79EFBC}") = "RouletteSimulator.Core", "RouletteSimulator.Core\RouletteSimulator.Core.csproj", "{1FE47152-0306-4DCC-80D6-4DE830751832}"
EndProject
Global
	GlobalSection(SolutionConfigurationPlatforms) = preSolution
		Debug|Any CPU = Debug|Any CPU
		Release|Any CPU = Release|Any CPU
	EndGlobalSection
	GlobalSection(ProjectConfigurationPlatforms) = postSolution
		{BA2C1305-AF66-41E1-BB19-E391981F646A}.Debug|Any CPU.ActiveCfg = Debug|Any CPU
		{BA2C1305-AF66-41E1-BB19-E391981F646A}.Debug|Any CPU.Build.0 = Debug|Any CPU
		{BA2C1305-AF66-41E1-BB19-E391981F646A}.Release|Any CPU.ActiveCfg = Release|Any CPU
		{BA2C1305-AF66-41E1-BB19-E391981F646A}.Release|Any CPU.Build.0 = Release|Any CPU
		{4676ECFE-E3A6-45C3-AFB6-ACDF0E131970}.Debug|Any CPU.ActiveCfg = Debug|Any CPU
		{4676ECFE-E3A6-45C3-AFB6-ACDF0E131970}.Debug|Any CPU.Build.0 = Debug|Any CPU
		{4676ECFE-E3A6-45C3-AFB6-ACDF0E131970}.Release|Any CPU.ActiveCfg = Release|Any CPU
		{4676ECFE-E3A6-45C3-AFB6-ACDF0E131970}.Release|Any CPU.Build.0 = Release|Any CPU
		{9635BFC4-4D3A-486E-8D6D-87803DFC46D0}.Debug|Any CPU.ActiveCfg = Debug|Any CPU
		{9635BFC4-4D3A-486E-8D6D-87803DFC46D0}.Debug|Any CPU.Build.0 = Debug|Any CPU
		{9635BFC4-4D3A-486E-8D6D-87803DFC46D0}.Release|Any CPU.ActiveCfg = Release|Any CPU
		{9635BFC4-4D3A-486E-8D6D-87803DFC46D0}.Release|Any CPU.Build.0 = Release|Any CPU
		{C320CF94-D6B1-4431-B17B-B07F7CFBA81E}.Debug|Any CPU.ActiveCfg = Debug|Any CPU
		{C320CF94-D6B1-4431-B17B-B07F7CFBA81E}.Debug|Any CPU.Build.0 = Debug|Any CPU
		{C320CF94-D6B1-4431-B17B-B07F7CFBA81E}.Release|Any CPU.ActiveCfg = Release|Any CPU
		{C320CF94-D6B1-4431-B17B-B07F7CFBA81E}.Release|Any CPU.Build.0 = Release|Any CPU
		{41AD8CCB-B19B-402F-9BBD-0C32A6A1D7D8}.Debug|Any CPU.ActiveCfg = Debug|Any CPU
		{41AD8CCB-B19B-402F-9BBD-0C32A6A1D7D8}.Debug|Any CPU.Build.0 = Debug|Any CPU
		{41AD8CCB-B19B-402F-9BBD-0C32A6A1D7D8}.Release|Any CPU.ActiveCfg = Release|Any CPU
		{41AD8CCB-B19B-402F-9BBD-0C32A6A1D7D8}.Release|Any CPU.Build.0 = Release|Any CPU
		{E94B74A8-D788-429E-9417-F5A906136D24}.Debug|Any CPU.ActiveCfg = Debug|Any CPU
		{E94B74A8-D788-429E-9417-F5A906136D24}.Debug|Any CPU.Build.0 = Debug|Any CPU
		{E94B74A8-D788-429E-9417-F5A906136D24}.Release|Any CPU.ActiveCfg = Release|Any CPU
		{E94B74A8-D788-429E-9417-F5A906136D24}.Release|Any CPU.Build.0 = Release|Any CPU
		{1FE47152-0306-4DCC-80D6-4DE830751832}.Debug|Any CPU.ActiveCfg = Debug|Any CPU
		{1FE47152-0306-4DCC-80D6-4DE830751832}.Debug|Any CPU.Build.0 = Debug|Any CPU
		{1FE47152-0306-4DCC-80D6-4DE830751832}.Release|Any CPU.ActiveCfg = Release|Any CPU
		{1FE47152-0306-4DCC-80D6-4DE830751832}.Release|Any CPU.Build.0 = Release|Any CPU
	EndGlobalSection
	GlobalSection(SolutionProperties) = preSolution
		HideSolutionNode = FALSE
	EndGlobalSection
	GlobalSection(ExtensibilityGlobals) = postSolution
		SolutionGuid = {8B0E124F-21A0-4556-BFD9-22DA2055A1F9}
	EndGlobalSection
EndGlobal
